# THIS IS AN AUTOGENERATED FILE. DO NOT EDIT THIS FILE DIRECTLY.
# yarn lockfile v1


js-calendar-module@^1.0.3:
  version "1.0.3"
  resolved "https://registry.yarnpkg.com/js-calendar-module/-/js-calendar-module-1.0.3.tgz#61e22ad2d53d7a447b15ad3f3a8a48b546e7bb19"
  integrity sha512-7/NXEUlZXnoYvPTiOMblLGxxVEZ0dwFELCMw7NgYhly/s5Q1CyLMp6M2dQKldqq9lnvWsMf1d6Cs5K+1ACbUyw==
